PODS:
  - IBMMobileFirstPlatformFoundation (8.0.135)
  - IBMMobileFirstPlatformFoundationPush (8.0.1):
    - IBMMobileFirstPlatformFoundation (~> 8.0)

DEPENDENCIES:
  - IBMMobileFirstPlatformFoundation
  - IBMMobileFirstPlatformFoundationPush

SPEC CHECKSUMS:
  IBMMobileFirstPlatformFoundation: abfcb5f77c0c69dac77c2768b1da7100246ee45b
  IBMMobileFirstPlatformFoundationPush: 16f4d49374fefa813daac27dc7985c84933c91db

COCOAPODS: 0.39.0
